
Microsoft Visual Studio Solution File, Format Version 12.00
# Visual Studio 15
VisualStudioVersion = 15.0.28010.2003
MinimumVisualStudioVersion = 10.0.40219.1
Project("{FAE04EC0-301F-11D3-BF4B-00C04F79EFBC}") = "Lanhouse - trabalho 4", "Lanhouse - trabalho 4\Lanhouse - trabalho 4.csproj", "{3156F780-9302-4CCD-934F-C19A7E59D1A1}"
EndProject
Project("{FAE04EC0-301F-11D3-BF4B-00C04F79EFBC}") = "ChecagemDeDados", "ChecagemDeDados\ChecagemDeDados.csproj", "{0A343962-4C05-4A60-972F-A176D497BF53}"
EndProject
Global
	GlobalSection(SolutionConfigurationPlatforms) = preSolution
		Debug|Any CPU = Debug|Any CPU
		Release|Any CPU = Release|Any CPU
	EndGlobalSection
	GlobalSection(ProjectConfigurationPlatforms) = postSolution
		{3156F780-9302-4CCD-934F-C19A7E59D1A1}.Debug|Any CPU.ActiveCfg = Debug|Any CPU
		{3156F780-9302-4CCD-934F-C19A7E59D1A1}.Debug|Any CPU.Build.0 = Debug|Any CPU
		{3156F780-9302-4CCD-934F-C19A7E59D1A1}.Release|Any CPU.ActiveCfg = Release|Any CPU
		{3156F780-9302-4CCD-934F-C19A7E59D1A1}.Release|Any CPU.Build.0 = Release|Any CPU
		{0A343962-4C05-4A60-972F-A176D497BF53}.Debug|Any CPU.ActiveCfg = Debug|Any CPU
		{0A343962-4C05-4A60-972F-A176D497BF53}.Debug|Any CPU.Build.0 = Debug|Any CPU
		{0A343962-4C05-4A60-972F-A176D497BF53}.Release|Any CPU.ActiveCfg = Release|Any CPU
		{0A343962-4C05-4A60-972F-A176D497BF53}.Release|Any CPU.Build.0 = Release|Any CPU
	EndGlobalSection
	GlobalSection(SolutionProperties) = preSolution
		HideSolutionNode = FALSE
	EndGlobalSection
	GlobalSection(ExtensibilityGlobals) = postSolution
		SolutionGuid = {CB8A5745-6CDC-4450-93D0-562E6DA44D5A}
	EndGlobalSection
EndGlobal
